
Microsoft Visual Studio Solution File, Format Version 12.00
# Visual Studio 15
VisualStudioVersion = 15.0.27703.2035
MinimumVisualStudioVersion = 10.0.40219.1
Project("{FAE04EC0-301F-11D3-BF4B-00C04F79EFBC}") = "HansLinkManage", "HansLinkManage\HansLinkManage.csproj", "{2D9EAC2B-1413-478C-A64E-CC32AD7F92BC}"
EndProject
Global
	GlobalSection(SolutionConfigurationPlatforms) = preSolution
		Debug|Any CPU = Debug|Any CPU
		Debug|x86 = Debug|x86
		Release|Any CPU = Release|Any CPU
		Release|x86 = Release|x86
	EndGlobalSection
	GlobalSection(ProjectConfigurationPlatforms) = postSolution
		{2D9EAC2B-1413-478C-A64E-CC32AD7F92BC}.Debug|Any CPU.ActiveCfg = Debug|Any CPU
		{2D9EAC2B-1413-478C-A64E-CC32AD7F92BC}.Debug|Any CPU.Build.0 = Debug|Any CPU
		{2D9EAC2B-1413-478C-A64E-CC32AD7F92BC}.Debug|x86.ActiveCfg = Debug|x86
		{2D9EAC2B-1413-478C-A64E-CC32AD7F92BC}.Debug|x86.Build.0 = Debug|x86
		{2D9EAC2B-1413-478C-A64E-CC32AD7F92BC}.Release|Any CPU.ActiveCfg = Release|Any CPU
		{2D9EAC2B-1413-478C-A64E-CC32AD7F92BC}.Release|Any CPU.Build.0 = Release|Any CPU
		{2D9EAC2B-1413-478C-A64E-CC32AD7F92BC}.Release|x86.ActiveCfg = Release|x86
		{2D9EAC2B-1413-478C-A64E-CC32AD7F92BC}.Release|x86.Build.0 = Release|x86
	EndGlobalSection
	GlobalSection(SolutionProperties) = preSolution
		HideSolutionNode = FALSE
	EndGlobalSection
	GlobalSection(ExtensibilityGlobals) = postSolution
		SolutionGuid = {9829E3E7-ECD2-4B87-9210-188AC5601679}
	EndGlobalSection
EndGlobal
